// !$*UTF8*$!
{
	archiveVersion = 1;
	classes = {
	};
	objectVersion = 56;
	objects = {

/* Begin PBXBuildFile section */
		41256BABF49D0810C355BADB /* Pods_NYTNewsApp.framework in Frameworks */ = {isa = PBXBuildFile; fileRef = CA3C86BC71C1090F92E7550D /* Pods_NYTNewsApp.framework */; };
		5A38DBB02B80273D005C08AC /* AppDelegate.swift in Sources */ = {isa = PBXBuildFile; fileRef = 5A38DBAF2B80273D005C08AC /* AppDelegate.swift */; };
		5A38DBB22B80273D005C08AC /* SceneDelegate.swift in Sources */ = {isa = PBXBuildFile; fileRef = 5A38DBB12B80273D005C08AC /* SceneDelegate.swift */; };
		5A38DBBA2B80273D005C08AC /* NYTNewsApp.xcdatamodeld in Sources */ = {isa = PBXBuildFile; fileRef = 5A38DBB82B80273D005C08AC /* NYTNewsApp.xcdatamodeld */; };
		5A38DBBC2B80273E005C08AC /* Assets.xcassets in Resources */ = {isa = PBXBuildFile; fileRef = 5A38DBBB2B80273E005C08AC /* Assets.xcassets */; };
		5A38DBBF2B80273E005C08AC /* LaunchScreen.storyboard in Resources */ = {isa = PBXBuildFile; fileRef = 5A38DBBD2B80273E005C08AC /* LaunchScreen.storyboard */; };
		5A38DBEA2B802DF9005C08AC /* NewsService.swift in Sources */ = {isa = PBXBuildFile; fileRef = 5A38DBE82B802DF9005C08AC /* NewsService.swift */; };
		5A38DBEB2B802DF9005C08AC /* RequestMananger.swift in Sources */ = {isa = PBXBuildFile; fileRef = 5A38DBE92B802DF9005C08AC /* RequestMananger.swift */; };
		5A38DBED2B802E3D005C08AC /* Constants.swift in Sources */ = {isa = PBXBuildFile; fileRef = 5A38DBEC2B802E3D005C08AC /* Constants.swift */; };
		5A38DBEF2B802F39005C08AC /* NewsModel.swift in Sources */ = {isa = PBXBuildFile; fileRef = 5A38DBEE2B802F39005C08AC /* NewsModel.swift */; };
		5A38DBF52B8039D0005C08AC /* HomeRouter.swift in Sources */ = {isa = PBXBuildFile; fileRef = 5A38DBF12B8039D0005C08AC /* HomeRouter.swift */; };
		5A38DBF62B8039D0005C08AC /* HomeInteractor.swift in Sources */ = {isa = PBXBuildFile; fileRef = 5A38DBF22B8039D0005C08AC /* HomeInteractor.swift */; };
		5A38DBF72B8039D0005C08AC /* HomeProtocols.swift in Sources */ = {isa = PBXBuildFile; fileRef = 5A38DBF32B8039D0005C08AC /* HomeProtocols.swift */; };
		5A38DBF82B8039D0005C08AC /* HomePresenter.swift in Sources */ = {isa = PBXBuildFile; fileRef = 5A38DBF42B8039D0005C08AC /* HomePresenter.swift */; };
		5A38DBFA2B803C00005C08AC /* HomeViewController.swift in Sources */ = {isa = PBXBuildFile; fileRef = 5A38DBF92B803BFF005C08AC /* HomeViewController.swift */; };
		5A38DBFC2B803C07005C08AC /* CustomTableViewCell.swift in Sources */ = {isa = PBXBuildFile; fileRef = 5A38DBFB2B803C07005C08AC /* CustomTableViewCell.swift */; };
		5A38DBFF2B8048EB005C08AC /* HomeViewController+Constraints.swift in Sources */ = {isa = PBXBuildFile; fileRef = 5A38DBFE2B8048EB005C08AC /* HomeViewController+Constraints.swift */; };
		5A38DC012B81180C005C08AC /* ExtensionUIVIewController.swift in Sources */ = {isa = PBXBuildFile; fileRef = 5A38DC002B81180C005C08AC /* ExtensionUIVIewController.swift */; };
		5A38DC032B8119DB005C08AC /* WebViewController.swift in Sources */ = {isa = PBXBuildFile; fileRef = 5A38DC022B8119DB005C08AC /* WebViewController.swift */; };
		5A38DC072B811D54005C08AC /* NewsDetailViewController.swift in Sources */ = {isa = PBXBuildFile; fileRef = 5A38DC052B811D54005C08AC /* NewsDetailViewController.swift */; };
		5A38DC082B811D54005C08AC /* NewsDetailViewController+Constraints.swift in Sources */ = {isa = PBXBuildFile; fileRef = 5A38DC062B811D54005C08AC /* NewsDetailViewController+Constraints.swift */; };
		5A9EF32A2B812C04002F4498 /* NewsDetailRouter.swift in Sources */ = {isa = PBXBuildFile; fileRef = 5A9EF3262B812C04002F4498 /* NewsDetailRouter.swift */; };
		5A9EF32B2B812C04002F4498 /* NewsDetailPresenter.swift in Sources */ = {isa = PBXBuildFile; fileRef = 5A9EF3272B812C04002F4498 /* NewsDetailPresenter.swift */; };
		5A9EF32D2B812C04002F4498 /* NewsDetailProtocols.swift in Sources */ = {isa = PBXBuildFile; fileRef = 5A9EF3292B812C04002F4498 /* NewsDetailProtocols.swift */; };
		F2EEF1AFF98767DC1B58A1DA /* Pods_NYTNewsAppTests.framework in Frameworks */ = {isa = PBXBuildFile; fileRef = B493070BDD14D6872FAF4805 /* Pods_NYTNewsAppTests.framework */; };
/* End PBXBuildFile section */

/* Begin PBXContainerItemProxy section */
		5A38DBC62B80273E005C08AC /* PBXContainerItemProxy */ = {
			isa = PBXContainerItemProxy;
			containerPortal = 5A38DBA42B80273D005C08AC /* Project object */;
			proxyType = 1;
			remoteGlobalIDString = 5A38DBAB2B80273D005C08AC;
			remoteInfo = NYTNewsApp;
		};
/* End PBXContainerItemProxy section */

/* Begin PBXFileReference section */
		0583D465228A033DAE5A3479 /* Pods-NYTNewsAppTests.debug.xcconfig */ = {isa = PBXFileReference; includeInIndex = 1; lastKnownFileType = text.xcconfig; name = "Pods-NYTNewsAppTests.debug.xcconfig"; path = "Target Support Files/Pods-NYTNewsAppTests/Pods-NYTNewsAppTests.debug.xcconfig"; sourceTree = "<group>"; };
		2BD40A74FC3C1DBB1478FA9C /* Pods-NYTNewsApp.debug.xcconfig */ = {isa = PBXFileReference; includeInIndex = 1; lastKnownFileType = text.xcconfig; name = "Pods-NYTNewsApp.debug.xcconfig"; path = "Target Support Files/Pods-NYTNewsApp/Pods-NYTNewsApp.debug.xcconfig"; sourceTree = "<group>"; };
		449AA89C2E31323572F8A4B5 /* Pods-NYTNewsAppTests.release.xcconfig */ = {isa = PBXFileReference; includeInIndex = 1; lastKnownFileType = text.xcconfig; name = "Pods-NYTNewsAppTests.release.xcconfig"; path = "Target Support Files/Pods-NYTNewsAppTests/Pods-NYTNewsAppTests.release.xcconfig"; sourceTree = "<group>"; };
		5A38DBAC2B80273D005C08AC /* NYTNewsApp.app */ = {isa = PBXFileReference; explicitFileType = wrapper.application; includeInIndex = 0; path = NYTNewsApp.app; sourceTree = BUILT_PRODUCTS_DIR; };
		5A38DBAF2B80273D005C08AC /* AppDelegate.swift */ = {isa = PBXFileReference; lastKnownFileType = sourcecode.swift; path = AppDelegate.swift; sourceTree = "<group>"; };
		5A38DBB12B80273D005C08AC /* SceneDelegate.swift */ = {isa = PBXFileReference; lastKnownFileType = sourcecode.swift; path = SceneDelegate.swift; sourceTree = "<group>"; };
		5A38DBB92B80273D005C08AC /* NYTNewsApp.xcdatamodel */ = {isa = PBXFileReference; lastKnownFileType = wrapper.xcdatamodel; path = NYTNewsApp.xcdatamodel; sourceTree = "<group>"; };
		5A38DBBB2B80273E005C08AC /* Assets.xcassets */ = {isa = PBXFileReference; lastKnownFileType = folder.assetcatalog; path = Assets.xcassets; sourceTree = "<group>"; };
		5A38DBBE2B80273E005C08AC /* Base */ = {isa = PBXFileReference; lastKnownFileType = file.storyboard; name = Base; path = Base.lproj/LaunchScreen.storyboard; sourceTree = "<group>"; };
		5A38DBC02B80273E005C08AC /* Info.plist */ = {isa = PBXFileReference; lastKnownFileType = text.plist.xml; path = Info.plist; sourceTree = "<group>"; };
		5A38DBC52B80273E005C08AC /* NYTNewsAppTests.xctest */ = {isa = PBXFileReference; explicitFileType = wrapper.cfbundle; includeInIndex = 0; path = NYTNewsAppTests.xctest; sourceTree = BUILT_PRODUCTS_DIR; };
		5A38DBE82B802DF9005C08AC /* NewsService.swift */ = {isa = PBXFileReference; fileEncoding = 4; lastKnownFileType = sourcecode.swift; path = NewsService.swift; sourceTree = "<group>"; };
		5A38DBE92B802DF9005C08AC /* RequestMananger.swift */ = {isa = PBXFileReference; fileEncoding = 4; lastKnownFileType = sourcecode.swift; path = RequestMananger.swift; sourceTree = "<group>"; };
		5A38DBEC2B802E3D005C08AC /* Constants.swift */ = {isa = PBXFileReference; lastKnownFileType = sourcecode.swift; path = Constants.swift; sourceTree = "<group>"; };
		5A38DBEE2B802F39005C08AC /* NewsModel.swift */ = {isa = PBXFileReference; lastKnownFileType = sourcecode.swift; path = NewsModel.swift; sourceTree = "<group>"; };
		5A38DBF12B8039D0005C08AC /* HomeRouter.swift */ = {isa = PBXFileReference; fileEncoding = 4; lastKnownFileType = sourcecode.swift; path = HomeRouter.swift; sourceTree = "<group>"; };
		5A38DBF22B8039D0005C08AC /* HomeInteractor.swift */ = {isa = PBXFileReference; fileEncoding = 4; lastKnownFileType = sourcecode.swift; path = HomeInteractor.swift; sourceTree = "<group>"; };
		5A38DBF32B8039D0005C08AC /* HomeProtocols.swift */ = {isa = PBXFileReference; fileEncoding = 4; lastKnownFileType = sourcecode.swift; path = HomeProtocols.swift; sourceTree = "<group>"; };
		5A38DBF42B8039D0005C08AC /* HomePresenter.swift */ = {isa = PBXFileReference; fileEncoding = 4; lastKnownFileType = sourcecode.swift; path = HomePresenter.swift; sourceTree = "<group>"; };
		5A38DBF92B803BFF005C08AC /* HomeViewController.swift */ = {isa = PBXFileReference; fileEncoding = 4; lastKnownFileType = sourcecode.swift; path = HomeViewController.swift; sourceTree = "<group>"; };
		5A38DBFB2B803C07005C08AC /* CustomTableViewCell.swift */ = {isa = PBXFileReference; fileEncoding = 4; lastKnownFileType = sourcecode.swift; path = CustomTableViewCell.swift; sourceTree = "<group>"; };
		5A38DBFE2B8048EB005C08AC /* HomeViewController+Constraints.swift */ = {isa = PBXFileReference; fileEncoding = 4; lastKnownFileType = sourcecode.swift; path = "HomeViewController+Constraints.swift"; sourceTree = "<group>"; };
		5A38DC002B81180C005C08AC /* ExtensionUIVIewController.swift */ = {isa = PBXFileReference; fileEncoding = 4; lastKnownFileType = sourcecode.swift; path = ExtensionUIVIewController.swift; sourceTree = "<group>"; };
		5A38DC022B8119DB005C08AC /* WebViewController.swift */ = {isa = PBXFileReference; lastKnownFileType = sourcecode.swift; path = WebViewController.swift; sourceTree = "<group>"; };
		5A38DC052B811D54005C08AC /* NewsDetailViewController.swift */ = {isa = PBXFileReference; fileEncoding = 4; lastKnownFileType = sourcecode.swift; path = NewsDetailViewController.swift; sourceTree = "<group>"; };
		5A38DC062B811D54005C08AC /* NewsDetailViewController+Constraints.swift */ = {isa = PBXFileReference; fileEncoding = 4; lastKnownFileType = sourcecode.swift; path = "NewsDetailViewController+Constraints.swift"; sourceTree = "<group>"; };
		5A9EF3262B812C04002F4498 /* NewsDetailRouter.swift */ = {isa = PBXFileReference; fileEncoding = 4; lastKnownFileType = sourcecode.swift; path = NewsDetailRouter.swift; sourceTree = "<group>"; };
		5A9EF3272B812C04002F4498 /* NewsDetailPresenter.swift */ = {isa = PBXFileReference; fileEncoding = 4; lastKnownFileType = sourcecode.swift; path = NewsDetailPresenter.swift; sourceTree = "<group>"; };
		5A9EF3292B812C04002F4498 /* NewsDetailProtocols.swift */ = {isa = PBXFileReference; fileEncoding = 4; lastKnownFileType = sourcecode.swift; path = NewsDetailProtocols.swift; sourceTree = "<group>"; };
		B493070BDD14D6872FAF4805 /* Pods_NYTNewsAppTests.framework */ = {isa = PBXFileReference; explicitFileType = wrapper.framework; includeInIndex = 0; path = Pods_NYTNewsAppTests.framework; sourceTree = BUILT_PRODUCTS_DIR; };
		CA3C86BC71C1090F92E7550D /* Pods_NYTNewsApp.framework */ = {isa = PBXFileReference; explicitFileType = wrapper.framework; includeInIndex = 0; path = Pods_NYTNewsApp.framework; sourceTree = BUILT_PRODUCTS_DIR; };
		E70B717A9674D5855214A22A /* Pods-NYTNewsApp.release.xcconfig */ = {isa = PBXFileReference; includeInIndex = 1; lastKnownFileType = text.xcconfig; name = "Pods-NYTNewsApp.release.xcconfig"; path = "Target Support Files/Pods-NYTNewsApp/Pods-NYTNewsApp.release.xcconfig"; sourceTree = "<group>"; };
/* End PBXFileReference section */

/* Begin PBXFrameworksBuildPhase section */
		5A38DBA92B80273D005C08AC /* Frameworks */ = {
			isa = PBXFrameworksBuildPhase;
			buildActionMask = 2147483647;
			files = (
				41256BABF49D0810C355BADB /* Pods_NYTNewsApp.framework in Frameworks */,
			);
			runOnlyForDeploymentPostprocessing = 0;
		};
		5A38DBC22B80273E005C08AC /* Frameworks */ = {
			isa = PBXFrameworksBuildPhase;
			buildActionMask = 2147483647;
			files = (
				F2EEF1AFF98767DC1B58A1DA /* Pods_NYTNewsAppTests.framework in Frameworks */,
			);
			runOnlyForDeploymentPostprocessing = 0;
		};
/* End PBXFrameworksBuildPhase section */

/* Begin PBXGroup section */
		5A38DBA32B80273D005C08AC = {
			isa = PBXGroup;
			children = (
				5A38DBAE2B80273D005C08AC /* NYTNewsApp */,
				5A38DBC82B80273E005C08AC /* NYTNewsAppTests */,
				5A38DBAD2B80273D005C08AC /* Products */,
				694DDF03DAE56D06C93CFD30 /* Pods */,
				B2CD9F0604AE07E5B68A1914 /* Frameworks */,
			);
			sourceTree = "<group>";
		};
		5A38DBAD2B80273D005C08AC /* Products */ = {
			isa = PBXGroup;
			children = (
				5A38DBAC2B80273D005C08AC /* NYTNewsApp.app */,
				5A38DBC52B80273E005C08AC /* NYTNewsAppTests.xctest */,
			);
			name = Products;
			sourceTree = "<group>";
		};
		5A38DBAE2B80273D005C08AC /* NYTNewsApp */ = {
			isa = PBXGroup;
			children = (
				5A38DBE52B802913005C08AC /* App */,
				5A38DBE72B802983005C08AC /* Request */,
				5A38DBE62B802978005C08AC /* Modules */,
				5A38DBE22B8028C1005C08AC /* Utilities */,
				5A38DBB82B80273D005C08AC /* NYTNewsApp.xcdatamodeld */,
			);
			path = NYTNewsApp;
			sourceTree = "<group>";
		};
		5A38DBC82B80273E005C08AC /* NYTNewsAppTests */ = {
			isa = PBXGroup;
			children = (
			);
			path = NYTNewsAppTests;
			sourceTree = "<group>";
		};
		5A38DBE22B8028C1005C08AC /* Utilities */ = {
			isa = PBXGroup;
			children = (
				5A38DBE42B8028FA005C08AC /* Resources */,
				5A38DBE32B8028DF005C08AC /* Extensions */,
				5A38DBEC2B802E3D005C08AC /* Constants.swift */,
			);
			path = Utilities;
			sourceTree = "<group>";
		};
		5A38DBE32B8028DF005C08AC /* Extensions */ = {
			isa = PBXGroup;
			children = (
				5A38DC002B81180C005C08AC /* ExtensionUIVIewController.swift */,
			);
			path = Extensions;
			sourceTree = "<group>";
		};
		5A38DBE42B8028FA005C08AC /* Resources */ = {
			isa = PBXGroup;
			children = (
				5A38DBBB2B80273E005C08AC /* Assets.xcassets */,
				5A38DC022B8119DB005C08AC /* WebViewController.swift */,
			);
			path = Resources;
			sourceTree = "<group>";
		};
		5A38DBE52B802913005C08AC /* App */ = {
			isa = PBXGroup;
			children = (
				5A38DBAF2B80273D005C08AC /* AppDelegate.swift */,
				5A38DBB12B80273D005C08AC /* SceneDelegate.swift */,
				5A38DBBD2B80273E005C08AC /* LaunchScreen.storyboard */,
				5A38DBC02B80273E005C08AC /* Info.plist */,
			);
			path = App;
			sourceTree = "<group>";
		};
		5A38DBE62B802978005C08AC /* Modules */ = {
			isa = PBXGroup;
			children = (
				5A38DBF02B80397A005C08AC /* Home */,
				5A38DC042B811CC0005C08AC /* NewsDetail */,
			);
			path = Modules;
			sourceTree = "<group>";
		};
		5A38DBE72B802983005C08AC /* Request */ = {
			isa = PBXGroup;
			children = (
				5A38DBE82B802DF9005C08AC /* NewsService.swift */,
				5A38DBE92B802DF9005C08AC /* RequestMananger.swift */,
			);
			path = Request;
			sourceTree = "<group>";
		};
		5A38DBF02B80397A005C08AC /* Home */ = {
			isa = PBXGroup;
			children = (
				5A38DBFD2B8044C1005C08AC /* Cell */,
				5A38DBF32B8039D0005C08AC /* HomeProtocols.swift */,
				5A38DBF22B8039D0005C08AC /* HomeInteractor.swift */,
				5A38DBF92B803BFF005C08AC /* HomeViewController.swift */,
				5A38DBF42B8039D0005C08AC /* HomePresenter.swift */,
				5A38DBF12B8039D0005C08AC /* HomeRouter.swift */,
				5A38DBFE2B8048EB005C08AC /* HomeViewController+Constraints.swift */,
				5A38DBEE2B802F39005C08AC /* NewsModel.swift */,
			);
			path = Home;
			sourceTree = "<group>";
		};
		5A38DBFD2B8044C1005C08AC /* Cell */ = {
			isa = PBXGroup;
			children = (
				5A38DBFB2B803C07005C08AC /* CustomTableViewCell.swift */,
			);
			path = Cell;
			sourceTree = "<group>";
		};
		5A38DC042B811CC0005C08AC /* NewsDetail */ = {
			isa = PBXGroup;
			children = (
				5A38DC052B811D54005C08AC /* NewsDetailViewController.swift */,
				5A9EF3272B812C04002F4498 /* NewsDetailPresenter.swift */,
				5A9EF3292B812C04002F4498 /* NewsDetailProtocols.swift */,
				5A9EF3262B812C04002F4498 /* NewsDetailRouter.swift */,
				5A38DC062B811D54005C08AC /* NewsDetailViewController+Constraints.swift */,
			);
			path = NewsDetail;
			sourceTree = "<group>";
		};
		694DDF03DAE56D06C93CFD30 /* Pods */ = {
			isa = PBXGroup;
			children = (
				2BD40A74FC3C1DBB1478FA9C /* Pods-NYTNewsApp.debug.xcconfig */,
				E70B717A9674D5855214A22A /* Pods-NYTNewsApp.release.xcconfig */,
				0583D465228A033DAE5A3479 /* Pods-NYTNewsAppTests.debug.xcconfig */,
				449AA89C2E31323572F8A4B5 /* Pods-NYTNewsAppTests.release.xcconfig */,
			);
			path = Pods;
			sourceTree = "<group>";
		};
		B2CD9F0604AE07E5B68A1914 /* Frameworks */ = {
			isa = PBXGroup;
			children = (
				CA3C86BC71C1090F92E7550D /* Pods_NYTNewsApp.framework */,
				B493070BDD14D6872FAF4805 /* Pods_NYTNewsAppTests.framework */,
			);
			name = Frameworks;
			sourceTree = "<group>";
		};
/* End PBXGroup section */

/* Begin PBXNativeTarget section */
		5A38DBAB2B80273D005C08AC /* NYTNewsApp */ = {
			isa = PBXNativeTarget;
			buildConfigurationList = 5A38DBD92B80273E005C08AC /* Build configuration list for PBXNativeTarget "NYTNewsApp" */;
			buildPhases = (
				C14228A719DBEEE83AB66EAA /* [CP] Check Pods Manifest.lock */,
				5A38DBA82B80273D005C08AC /* Sources */,
				5A38DBA92B80273D005C08AC /* Frameworks */,
				5A38DBAA2B80273D005C08AC /* Resources */,
				ECDECF4B37B16102DDB60050 /* [CP] Embed Pods Frameworks */,
			);
			buildRules = (
			);
			dependencies = (
			);
			name = NYTNewsApp;
			productName = NYTNewsApp;
			productReference = 5A38DBAC2B80273D005C08AC /* NYTNewsApp.app */;
			productType = "com.apple.product-type.application";
		};
		5A38DBC42B80273E005C08AC /* NYTNewsAppTests */ = {
			isa = PBXNativeTarget;
			buildConfigurationList = 5A38DBDC2B80273E005C08AC /* Build configuration list for PBXNativeTarget "NYTNewsAppTests" */;
			buildPhases = (
				2A5AF164AE5759949474413A /* [CP] Check Pods Manifest.lock */,
				5A38DBC12B80273E005C08AC /* Sources */,
				5A38DBC22B80273E005C08AC /* Frameworks */,
				5A38DBC32B80273E005C08AC /* Resources */,
			);
			buildRules = (
			);
			dependencies = (
				5A38DBC72B80273E005C08AC /* PBXTargetDependency */,
			);
			name = NYTNewsAppTests;
			productName = NYTNewsAppTests;
			productReference = 5A38DBC52B80273E005C08AC /* NYTNewsAppTests.xctest */;
			productType = "com.apple.product-type.bundle.unit-test";
		};
/* End PBXNativeTarget section */

/* Begin PBXProject section */
		5A38DBA42B80273D005C08AC /* Project object */ = {
			isa = PBXProject;
			attributes = {
				BuildIndependentTargetsInParallel = 1;
				LastSwiftUpdateCheck = 1510;
				LastUpgradeCheck = 1510;
				TargetAttributes = {
					5A38DBAB2B80273D005C08AC = {
						CreatedOnToolsVersion = 15.1;
					};
					5A38DBC42B80273E005C08AC = {
						CreatedOnToolsVersion = 15.1;
						TestTargetID = 5A38DBAB2B80273D005C08AC;
					};
				};
			};
			buildConfigurationList = 5A38DBA72B80273D005C08AC /* Build configuration list for PBXProject "NYTNewsApp" */;
			compatibilityVersion = "Xcode 14.0";
			developmentRegion = en;
			hasScannedForEncodings = 0;
			knownRegions = (
				en,
				Base,
			);
			mainGroup = 5A38DBA32B80273D005C08AC;
			productRefGroup = 5A38DBAD2B80273D005C08AC /* Products */;
			projectDirPath = "";
			projectRoot = "";
			targets = (
				5A38DBAB2B80273D005C08AC /* NYTNewsApp */,
				5A38DBC42B80273E005C08AC /* NYTNewsAppTests */,
			);
		};
/* End PBXProject section */

/* Begin PBXResourcesBuildPhase section */
		5A38DBAA2B80273D005C08AC /* Resources */ = {
			isa = PBXResourcesBuildPhase;
			buildActionMask = 2147483647;
			files = (
				5A38DBBF2B80273E005C08AC /* LaunchScreen.storyboard in Resources */,
				5A38DBBC2B80273E005C08AC /* Assets.xcassets in Resources */,
			);
			runOnlyForDeploymentPostprocessing = 0;
		};
		5A38DBC32B80273E005C08AC /* Resources */ = {
			isa = PBXResourcesBuildPhase;
			buildActionMask = 2147483647;
			files = (
			);
			runOnlyForDeploymentPostprocessing = 0;
		};
/* End PBXResourcesBuildPhase section */

/* Begin PBXShellScriptBuildPhase section */
		2A5AF164AE5759949474413A /* [CP] Check Pods Manifest.lock */ = {
			isa = PBXShellScriptBuildPhase;
			buildActionMask = 2147483647;
			files = (
			);
			inputFileListPaths = (
			);
			inputPaths = (
				"${PODS_PODFILE_DIR_PATH}/Podfile.lock",
				"${PODS_ROOT}/Manifest.lock",
			);
			name = "[CP] Check Pods Manifest.lock";
			outputFileListPaths = (
			);
			outputPaths = (
				"$(DERIVED_FILE_DIR)/Pods-NYTNewsAppTests-checkManifestLockResult.txt",
			);
			runOnlyForDeploymentPostprocessing = 0;
			shellPath = /bin/sh;
			shellScript = "diff \"${PODS_PODFILE_DIR_PATH}/Podfile.lock\" \"${PODS_ROOT}/Manifest.lock\" > /dev/null\nif [ $? != 0 ] ; then\n    # print error to STDERR\n    echo \"error: The sandbox is not in sync with the Podfile.lock. Run 'pod install' or update your CocoaPods installation.\" >&2\n    exit 1\nfi\n# This output is used by Xcode 'outputs' to avoid re-running this script phase.\necho \"SUCCESS\" > \"${SCRIPT_OUTPUT_FILE_0}\"\n";
			showEnvVarsInLog = 0;
		};
		C14228A719DBEEE83AB66EAA /* [CP] Check Pods Manifest.lock */ = {
			isa = PBXShellScriptBuildPhase;
			buildActionMask = 2147483647;
			files = (
			);
			inputFileListPaths = (
			);
			inputPaths = (
				"${PODS_PODFILE_DIR_PATH}/Podfile.lock",
				"${PODS_ROOT}/Manifest.lock",
			);
			name = "[CP] Check Pods Manifest.lock";
			outputFileListPaths = (
			);
			outputPaths = (
				"$(DERIVED_FILE_DIR)/Pods-NYTNewsApp-checkManifestLockResult.txt",
			);
			runOnlyForDeploymentPostprocessing = 0;
			shellPath = /bin/sh;
			shellScript = "diff \"${PODS_PODFILE_DIR_PATH}/Podfile.lock\" \"${PODS_ROOT}/Manifest.lock\" > /dev/null\nif [ $? != 0 ] ; then\n    # print error to STDERR\n    echo \"error: The sandbox is not in sync with the Podfile.lock. Run 'pod install' or update your CocoaPods installation.\" >&2\n    exit 1\nfi\n# This output is used by Xcode 'outputs' to avoid re-running this script phase.\necho \"SUCCESS\" > \"${SCRIPT_OUTPUT_FILE_0}\"\n";
			showEnvVarsInLog = 0;
		};
		ECDECF4B37B16102DDB60050 /* [CP] Embed Pods Frameworks */ = {
			isa = PBXShellScriptBuildPhase;
			buildActionMask = 2147483647;
			files = (
			);
			inputFileListPaths = (
				"${PODS_ROOT}/Target Support Files/Pods-NYTNewsApp/Pods-NYTNewsApp-frameworks-${CONFIGURATION}-input-files.xcfilelist",
			);
			name = "[CP] Embed Pods Frameworks";
			outputFileListPaths = (
				"${PODS_ROOT}/Target Support Files/Pods-NYTNewsApp/Pods-NYTNewsApp-frameworks-${CONFIGURATION}-output-files.xcfilelist",
			);
			runOnlyForDeploymentPostprocessing = 0;
			shellPath = /bin/sh;
			shellScript = "\"${PODS_ROOT}/Target Support Files/Pods-NYTNewsApp/Pods-NYTNewsApp-frameworks.sh\"\n";
			showEnvVarsInLog = 0;
		};
/* End PBXShellScriptBuildPhase section */

/* Begin PBXSourcesBuildPhase section */
		5A38DBA82B80273D005C08AC /* Sources */ = {
			isa = PBXSourcesBuildPhase;
			buildActionMask = 2147483647;
			files = (
				5A38DBEF2B802F39005C08AC /* NewsModel.swift in Sources */,
				5A38DC072B811D54005C08AC /* NewsDetailViewController.swift in Sources */,
				5A38DC012B81180C005C08AC /* ExtensionUIVIewController.swift in Sources */,
				5A9EF32B2B812C04002F4498 /* NewsDetailPresenter.swift in Sources */,
				5A9EF32A2B812C04002F4498 /* NewsDetailRouter.swift in Sources */,
				5A38DBBA2B80273D005C08AC /* NYTNewsApp.xcdatamodeld in Sources */,
				5A38DBFF2B8048EB005C08AC /* HomeViewController+Constraints.swift in Sources */,
				5A38DBB02B80273D005C08AC /* AppDelegate.swift in Sources */,
				5A38DBEB2B802DF9005C08AC /* RequestMananger.swift in Sources */,
				5A38DBB22B80273D005C08AC /* SceneDelegate.swift in Sources */,
				5A38DBF52B8039D0005C08AC /* HomeRouter.swift in Sources */,
				5A38DBFA2B803C00005C08AC /* HomeViewController.swift in Sources */,
				5A9EF32D2B812C04002F4498 /* NewsDetailProtocols.swift in Sources */,
				5A38DBF72B8039D0005C08AC /* HomeProtocols.swift in Sources */,
				5A38DC082B811D54005C08AC /* NewsDetailViewController+Constraints.swift in Sources */,
				5A38DBF62B8039D0005C08AC /* HomeInteractor.swift in Sources */,
				5A38DBEA2B802DF9005C08AC /* NewsService.swift in Sources */,
				5A38DBED2B802E3D005C08AC /* Constants.swift in Sources */,
				5A38DBF82B8039D0005C08AC /* HomePresenter.swift in Sources */,
				5A38DBFC2B803C07005C08AC /* CustomTableViewCell.swift in Sources */,
				5A38DC032B8119DB005C08AC /* WebViewController.swift in Sources */,
			);
			runOnlyForDeploymentPostprocessing = 0;
		};
		5A38DBC12B80273E005C08AC /* Sources */ = {
			isa = PBXSourcesBuildPhase;
			buildActionMask = 2147483647;
			files = (
			);
			runOnlyForDeploymentPostprocessing = 0;
		};
/* End PBXSourcesBuildPhase section */

/* Begin PBXTargetDependency section */
		5A38DBC72B80273E005C08AC /* PBXTargetDependency */ = {
			isa = PBXTargetDependency;
			target = 5A38DBAB2B80273D005C08AC /* NYTNewsApp */;
			targetProxy = 5A38DBC62B80273E005C08AC /* PBXContainerItemProxy */;
		};
/* End PBXTargetDependency section */

/* Begin PBXVariantGroup section */
		5A38DBBD2B80273E005C08AC /* LaunchScreen.storyboard */ = {
			isa = PBXVariantGroup;
			children = (
				5A38DBBE2B80273E005C08AC /* Base */,
			);
			name = LaunchScreen.storyboard;
			sourceTree = "<group>";
		};
/* End PBXVariantGroup section */

/* Begin XCBuildConfiguration section */
		5A38DBD72B80273E005C08AC /* Debug */ = {
			isa = XCBuildConfiguration;
			buildSettings = {
				ALWAYS_SEARCH_USER_PATHS = NO;
				ASSETCATALOG_COMPILER_GENERATE_SWIFT_ASSET_SYMBOL_EXTENSIONS = YES;
				CLANG_ANALYZER_NONNULL = YES;
				CLANG_ANALYZER_NUMBER_OBJECT_CONVERSION = YES_AGGRESSIVE;
				CLANG_CXX_LANGUAGE_STANDARD = "gnu++20";
				CLANG_ENABLE_MODULES = YES;
				CLANG_ENABLE_OBJC_ARC = YES;
				CLANG_ENABLE_OBJC_WEAK = YES;
				CLANG_WARN_BLOCK_CAPTURE_AUTORELEASING = YES;
				CLANG_WARN_BOOL_CONVERSION = YES;
				CLANG_WARN_COMMA = YES;
				CLANG_WARN_CONSTANT_CONVERSION = YES;
				CLANG_WARN_DEPRECATED_OBJC_IMPLEMENTATIONS = YES;
				CLANG_WARN_DIRECT_OBJC_ISA_USAGE = YES_ERROR;
				CLANG_WARN_DOCUMENTATION_COMMENTS = YES;
				CLANG_WARN_EMPTY_BODY = YES;
				CLANG_WARN_ENUM_CONVERSION = YES;
				CLANG_WARN_INFINITE_RECURSION = YES;
				CLANG_WARN_INT_CONVERSION = YES;
				CLANG_WARN_NON_LITERAL_NULL_CONVERSION = YES;
				CLANG_WARN_OBJC_IMPLICIT_RETAIN_SELF = YES;
				CLANG_WARN_OBJC_LITERAL_CONVERSION = YES;
				CLANG_WARN_OBJC_ROOT_CLASS = YES_ERROR;
				CLANG_WARN_QUOTED_INCLUDE_IN_FRAMEWORK_HEADER = YES;
				CLANG_WARN_RANGE_LOOP_ANALYSIS = YES;
				CLANG_WARN_STRICT_PROTOTYPES = YES;
				CLANG_WARN_SUSPICIOUS_MOVE = YES;
				CLANG_WARN_UNGUARDED_AVAILABILITY = YES_AGGRESSIVE;
				CLANG_WARN_UNREACHABLE_CODE = YES;
				CLANG_WARN__DUPLICATE_METHOD_MATCH = YES;
				COPY_PHASE_STRIP = NO;
				DEBUG_INFORMATION_FORMAT = dwarf;
				ENABLE_STRICT_OBJC_MSGSEND = YES;
				ENABLE_TESTABILITY = YES;
				ENABLE_USER_SCRIPT_SANDBOXING = NO;
				GCC_C_LANGUAGE_STANDARD = gnu17;
				GCC_DYNAMIC_NO_PIC = NO;
				GCC_NO_COMMON_BLOCKS = YES;
				GCC_OPTIMIZATION_LEVEL = 0;
				GCC_PREPROCESSOR_DEFINITIONS = (
					"DEBUG=1",
					"$(inherited)",
				);
				GCC_WARN_64_TO_32_BIT_CONVERSION = YES;
				GCC_WARN_ABOUT_RETURN_TYPE = YES_ERROR;
				GCC_WARN_UNDECLARED_SELECTOR = YES;
				GCC_WARN_UNINITIALIZED_AUTOS = YES_AGGRESSIVE;
				GCC_WARN_UNUSED_FUNCTION = YES;
				GCC_WARN_UNUSED_VARIABLE = YES;
				IPHONEOS_DEPLOYMENT_TARGET = 16.0;
				LOCALIZATION_PREFERS_STRING_CATALOGS = YES;
				MTL_ENABLE_DEBUG_INFO = INCLUDE_SOURCE;
				MTL_FAST_MATH = YES;
				ONLY_ACTIVE_ARCH = YES;
				SDKROOT = iphoneos;
				SWIFT_ACTIVE_COMPILATION_CONDITIONS = "DEBUG $(inherited)";
				SWIFT_OPTIMIZATION_LEVEL = "-Onone";
			};
			name = Debug;
		};
		5A38DBD82B80273E005C08AC /* Release */ = {
			isa = XCBuildConfiguration;
			buildSettings = {
				ALWAYS_SEARCH_USER_PATHS = NO;
				ASSETCATALOG_COMPILER_GENERATE_SWIFT_ASSET_SYMBOL_EXTENSIONS = YES;
				CLANG_ANALYZER_NONNULL = YES;
				CLANG_ANALYZER_NUMBER_OBJECT_CONVERSION = YES_AGGRESSIVE;
				CLANG_CXX_LANGUAGE_STANDARD = "gnu++20";
				CLANG_ENABLE_MODULES = YES;
				CLANG_ENABLE_OBJC_ARC = YES;
				CLANG_ENABLE_OBJC_WEAK = YES;
				CLANG_WARN_BLOCK_CAPTURE_AUTORELEASING = YES;
				CLANG_WARN_BOOL_CONVERSION = YES;
				CLANG_WARN_COMMA = YES;
				CLANG_WARN_CONSTANT_CONVERSION = YES;
				CLANG_WARN_DEPRECATED_OBJC_IMPLEMENTATIONS = YES;
				CLANG_WARN_DIRECT_OBJC_ISA_USAGE = YES_ERROR;
				CLANG_WARN_DOCUMENTATION_COMMENTS = YES;
				CLANG_WARN_EMPTY_BODY = YES;
				CLANG_WARN_ENUM_CONVERSION = YES;
				CLANG_WARN_INFINITE_RECURSION = YES;
				CLANG_WARN_INT_CONVERSION = YES;
				CLANG_WARN_NON_LITERAL_NULL_CONVERSION = YES;
				CLANG_WARN_OBJC_IMPLICIT_RETAIN_SELF = YES;
				CLANG_WARN_OBJC_LITERAL_CONVERSION = YES;
				CLANG_WARN_OBJC_ROOT_CLASS = YES_ERROR;
				CLANG_WARN_QUOTED_INCLUDE_IN_FRAMEWORK_HEADER = YES;
				CLANG_WARN_RANGE_LOOP_ANALYSIS = YES;
				CLANG_WARN_STRICT_PROTOTYPES = YES;
				CLANG_WARN_SUSPICIOUS_MOVE = YES;
				CLANG_WARN_UNGUARDED_AVAILABILITY = YES_AGGRESSIVE;
				CLANG_WARN_UNREACHABLE_CODE = YES;
				CLANG_WARN__DUPLICATE_METHOD_MATCH = YES;
				COPY_PHASE_STRIP = NO;
				DEBUG_INFORMATION_FORMAT = "dwarf-with-dsym";
				ENABLE_NS_ASSERTIONS = NO;
				ENABLE_STRICT_OBJC_MSGSEND = YES;
				ENABLE_USER_SCRIPT_SANDBOXING = NO;
				GCC_C_LANGUAGE_STANDARD = gnu17;
				GCC_NO_COMMON_BLOCKS = YES;
				GCC_WARN_64_TO_32_BIT_CONVERSION = YES;
				GCC_WARN_ABOUT_RETURN_TYPE = YES_ERROR;
				GCC_WARN_UNDECLARED_SELECTOR = YES;
				GCC_WARN_UNINITIALIZED_AUTOS = YES_AGGRESSIVE;
				GCC_WARN_UNUSED_FUNCTION = YES;
				GCC_WARN_UNUSED_VARIABLE = YES;
				IPHONEOS_DEPLOYMENT_TARGET = 16.0;
				LOCALIZATION_PREFERS_STRING_CATALOGS = YES;
				MTL_ENABLE_DEBUG_INFO = NO;
				MTL_FAST_MATH = YES;
				SDKROOT = iphoneos;
				SWIFT_COMPILATION_MODE = wholemodule;
				VALIDATE_PRODUCT = YES;
			};
			name = Release;
		};
		5A38DBDA2B80273E005C08AC /* Debug */ = {
			isa = XCBuildConfiguration;
			baseConfigurationReference = 2BD40A74FC3C1DBB1478FA9C /* Pods-NYTNewsApp.debug.xcconfig */;
			buildSettings = {
				ASSETCATALOG_COMPILER_APPICON_NAME = AppIcon;
				ASSETCATALOG_COMPILER_GLOBAL_ACCENT_COLOR_NAME = AccentColor;
				CODE_SIGN_STYLE = Automatic;
				CURRENT_PROJECT_VERSION = 1;
				DEVELOPMENT_TEAM = 5526S63QR3;
				GENERATE_INFOPLIST_FILE = YES;
				INFOPLIST_FILE = NYTNewsApp/App/Info.plist;
				INFOPLIST_KEY_UIApplicationSupportsIndirectInputEvents = YES;
				INFOPLIST_KEY_UILaunchStoryboardName = LaunchScreen;
				INFOPLIST_KEY_UISupportedInterfaceOrientations_iPad = "UIInterfaceOrientationPortrait UIInterfaceOrientationPortraitUpsideDown UIInterfaceOrientationLandscapeLeft UIInterfaceOrientationLandscapeRight";
				INFOPLIST_KEY_UISupportedInterfaceOrientations_iPhone = "UIInterfaceOrientationPortrait UIInterfaceOrientationLandscapeLeft UIInterfaceOrientationLandscapeRight";
				IPHONEOS_DEPLOYMENT_TARGET = 16.0;
				LD_RUNPATH_SEARCH_PATHS = (
					"$(inherited)",
					"@executable_path/Frameworks",
				);
				MARKETING_VERSION = 1.0;
				PRODUCT_BUNDLE_IDENTIFIER = com.jhonatan.NYTNewsApp;
				PRODUCT_NAME = "$(TARGET_NAME)";
				SWIFT_EMIT_LOC_STRINGS = YES;
				SWIFT_VERSION = 5.0;
				TARGETED_DEVICE_FAMILY = "1,2";
			};
			name = Debug;
		};
		5A38DBDB2B80273E005C08AC /* Release */ = {
			isa = XCBuildConfiguration;
			baseConfigurationReference = E70B717A9674D5855214A22A /* Pods-NYTNewsApp.release.xcconfig */;
			buildSettings = {
				ASSETCATALOG_COMPILER_APPICON_NAME = AppIcon;
				ASSETCATALOG_COMPILER_GLOBAL_ACCENT_COLOR_NAME = AccentColor;
				CODE_SIGN_STYLE = Automatic;
				CURRENT_PROJECT_VERSION = 1;
				DEVELOPMENT_TEAM = 5526S63QR3;
				GENERATE_INFOPLIST_FILE = YES;
				INFOPLIST_FILE = NYTNewsApp/App/Info.plist;
				INFOPLIST_KEY_UIApplicationSupportsIndirectInputEvents = YES;
				INFOPLIST_KEY_UILaunchStoryboardName = LaunchScreen;
				INFOPLIST_KEY_UISupportedInterfaceOrientations_iPad = "UIInterfaceOrientationPortrait UIInterfaceOrientationPortraitUpsideDown UIInterfaceOrientationLandscapeLeft UIInterfaceOrientationLandscapeRight";
				INFOPLIST_KEY_UISupportedInterfaceOrientations_iPhone = "UIInterfaceOrientationPortrait UIInterfaceOrientationLandscapeLeft UIInterfaceOrientationLandscapeRight";
				IPHONEOS_DEPLOYMENT_TARGET = 16.0;
				LD_RUNPATH_SEARCH_PATHS = (
					"$(inherited)",
					"@executable_path/Frameworks",
				);
				MARKETING_VERSION = 1.0;
				PRODUCT_BUNDLE_IDENTIFIER = com.jhonatan.NYTNewsApp;
				PRODUCT_NAME = "$(TARGET_NAME)";
				SWIFT_EMIT_LOC_STRINGS = YES;
				SWIFT_VERSION = 5.0;
				TARGETED_DEVICE_FAMILY = "1,2";
			};
			name = Release;
		};
		5A38DBDD2B80273E005C08AC /* Debug */ = {
			isa = XCBuildConfiguration;
			baseConfigurationReference = 0583D465228A033DAE5A3479 /* Pods-NYTNewsAppTests.debug.xcconfig */;
			buildSettings = {
				ALWAYS_EMBED_SWIFT_STANDARD_LIBRARIES = YES;
				BUNDLE_LOADER = "$(TEST_HOST)";
				CODE_SIGN_STYLE = Automatic;
				CURRENT_PROJECT_VERSION = 1;
				DEVELOPMENT_TEAM = 5526S63QR3;
				GENERATE_INFOPLIST_FILE = YES;
				IPHONEOS_DEPLOYMENT_TARGET = 16.0;
				MARKETING_VERSION = 1.0;
				PRODUCT_BUNDLE_IDENTIFIER = com.jhonatan.NYTNewsAppTests;
				PRODUCT_NAME = "$(TARGET_NAME)";
				SWIFT_EMIT_LOC_STRINGS = NO;
				SWIFT_VERSION = 5.0;
				TARGETED_DEVICE_FAMILY = "1,2";
				TEST_HOST = "$(BUILT_PRODUCTS_DIR)/NYTNewsApp.app/$(BUNDLE_EXECUTABLE_FOLDER_PATH)/NYTNewsApp";
			};
			name = Debug;
		};
		5A38DBDE2B80273E005C08AC /* Release */ = {
			isa = XCBuildConfiguration;
			baseConfigurationReference = 449AA89C2E31323572F8A4B5 /* Pods-NYTNewsAppTests.release.xcconfig */;
			buildSettings = {
				ALWAYS_EMBED_SWIFT_STANDARD_LIBRARIES = YES;
				BUNDLE_LOADER = "$(TEST_HOST)";
				CODE_SIGN_STYLE = Automatic;
				CURRENT_PROJECT_VERSION = 1;
				DEVELOPMENT_TEAM = 5526S63QR3;
				GENERATE_INFOPLIST_FILE = YES;
				IPHONEOS_DEPLOYMENT_TARGET = 16.0;
				MARKETING_VERSION = 1.0;
				PRODUCT_BUNDLE_IDENTIFIER = com.jhonatan.NYTNewsAppTests;
				PRODUCT_NAME = "$(TARGET_NAME)";
				SWIFT_EMIT_LOC_STRINGS = NO;
				SWIFT_VERSION = 5.0;
				TARGETED_DEVICE_FAMILY = "1,2";
				TEST_HOST = "$(BUILT_PRODUCTS_DIR)/NYTNewsApp.app/$(BUNDLE_EXECUTABLE_FOLDER_PATH)/NYTNewsApp";
			};
			name = Release;
		};
/* End XCBuildConfiguration section */

/* Begin XCConfigurationList section */
		5A38DBA72B80273D005C08AC /* Build configuration list for PBXProject "NYTNewsApp" */ = {
			isa = XCConfigurationList;
			buildConfigurations = (
				5A38DBD72B80273E005C08AC /* Debug */,
				5A38DBD82B80273E005C08AC /* Release */,
			);
			defaultConfigurationIsVisible = 0;
			defaultConfigurationName = Release;
		};
		5A38DBD92B80273E005C08AC /* Build configuration list for PBXNativeTarget "NYTNewsApp" */ = {
			isa = XCConfigurationList;
			buildConfigurations = (
				5A38DBDA2B80273E005C08AC /* Debug */,
				5A38DBDB2B80273E005C08AC /* Release */,
			);
			defaultConfigurationIsVisible = 0;
			defaultConfigurationName = Release;
		};
		5A38DBDC2B80273E005C08AC /* Build configuration list for PBXNativeTarget "NYTNewsAppTests" */ = {
			isa = XCConfigurationList;
			buildConfigurations = (
				5A38DBDD2B80273E005C08AC /* Debug */,
				5A38DBDE2B80273E005C08AC /* Release */,
			);
			defaultConfigurationIsVisible = 0;
			defaultConfigurationName = Release;
		};
/* End XCConfigurationList section */

/* Begin XCVersionGroup section */
		5A38DBB82B80273D005C08AC /* NYTNewsApp.xcdatamodeld */ = {
			isa = XCVersionGroup;
			children = (
				5A38DBB92B80273D005C08AC /* NYTNewsApp.xcdatamodel */,
			);
			currentVersion = 5A38DBB92B80273D005C08AC /* NYTNewsApp.xcdatamodel */;
			path = NYTNewsApp.xcdatamodeld;
			sourceTree = "<group>";
			versionGroupType = wrapper.xcdatamodel;
		};
/* End XCVersionGroup section */
	};
	rootObject = 5A38DBA42B80273D005C08AC /* Project object */;
}
